
Microsoft Visual Studio Solution File, Format Version 12.00
# Visual Studio Version 17
VisualStudioVersion = 17.1.32210.238
MinimumVisualStudioVersion = 10.0.40219.1
Project("{9A19103F-16F7-4668-BE54-9A1E7A4F7556}") = "experiment", "experiment.csproj", "{0ECE5840-0AF0-4329-B25F-43818968238A}"
EndProject
Global
	GlobalSection(SolutionConfigurationPlatforms) = preSolution
		Debug|Any CPU = Debug|Any CPU
		Release|Any CPU = Release|Any CPU
	EndGlobalSection
	GlobalSection(ProjectConfigurationPlatforms) = postSolution
		{0ECE5840-0AF0-4329-B25F-43818968238A}.Debug|Any CPU.ActiveCfg = Debug|Any CPU
		{0ECE5840-0AF0-4329-B25F-43818968238A}.Debug|Any CPU.Build.0 = Debug|Any CPU
		{0ECE5840-0AF0-4329-B25F-43818968238A}.Release|Any CPU.ActiveCfg = Release|Any CPU
		{0ECE5840-0AF0-4329-B25F-43818968238A}.Release|Any CPU.Build.0 = Release|Any CPU
	EndGlobalSection
	GlobalSection(SolutionProperties) = preSolution
		HideSolutionNode = FALSE
	EndGlobalSection
	GlobalSection(ExtensibilityGlobals) = postSolution
		SolutionGuid = {F6A89D1D-D82A-4537-B28D-48B01784C891}
	EndGlobalSection
EndGlobal
